
Microsoft Visual Studio Solution File, Format Version 12.00
# Visual Studio Version 17
VisualStudioVersion = 17.1.32319.34
MinimumVisualStudioVersion = 10.0.40219.1
Project("{FAE04EC0-301F-11D3-BF4B-00C04F79EFBC}") = "SystrayPOC", "SystrayPOC\SystrayPOC.csproj", "{6CA6091A-67E6-4AD2-B2CE-3224614F1877}"
EndProject
Global
	GlobalSection(SolutionConfigurationPlatforms) = preSolution
		Debug|Any CPU = Debug|Any CPU
		Release|Any CPU = Release|Any CPU
	EndGlobalSection
	GlobalSection(ProjectConfigurationPlatforms) = postSolution
		{6CA6091A-67E6-4AD2-B2CE-3224614F1877}.Debug|Any CPU.ActiveCfg = Debug|Any CPU
		{6CA6091A-67E6-4AD2-B2CE-3224614F1877}.Debug|Any CPU.Build.0 = Debug|Any CPU
		{6CA6091A-67E6-4AD2-B2CE-3224614F1877}.Release|Any CPU.ActiveCfg = Release|Any CPU
		{6CA6091A-67E6-4AD2-B2CE-3224614F1877}.Release|Any CPU.Build.0 = Release|Any CPU
	EndGlobalSection
	GlobalSection(SolutionProperties) = preSolution
		HideSolutionNode = FALSE
	EndGlobalSection
	GlobalSection(ExtensibilityGlobals) = postSolution
		SolutionGuid = {89CBD7B7-35D3-4BD5-B625-E775BCF4578A}
	EndGlobalSection
EndGlobal
